
Microsoft Visual Studio Solution File, Format Version 12.00
# Visual Studio Version 16
VisualStudioVersion = 16.0.31702.278
MinimumVisualStudioVersion = 10.0.40219.1
Project("{FAE04EC0-301F-11D3-BF4B-00C04F79EFBC}") = "TamanyoTexto", "TamanyoTexto\TamanyoTexto.csproj", "{3D6D42C9-D43F-4D63-BB22-38DF833018BB}"
EndProject
Global
	GlobalSection(SolutionConfigurationPlatforms) = preSolution
		Debug|Any CPU = Debug|Any CPU
		Release|Any CPU = Release|Any CPU
	EndGlobalSection
	GlobalSection(ProjectConfigurationPlatforms) = postSolution
		{3D6D42C9-D43F-4D63-BB22-38DF833018BB}.Debug|Any CPU.ActiveCfg = Debug|Any CPU
		{3D6D42C9-D43F-4D63-BB22-38DF833018BB}.Debug|Any CPU.Build.0 = Debug|Any CPU
		{3D6D42C9-D43F-4D63-BB22-38DF833018BB}.Release|Any CPU.ActiveCfg = Release|Any CPU
		{3D6D42C9-D43F-4D63-BB22-38DF833018BB}.Release|Any CPU.Build.0 = Release|Any CPU
	EndGlobalSection
	GlobalSection(SolutionProperties) = preSolution
		HideSolutionNode = FALSE
	EndGlobalSection
	GlobalSection(ExtensibilityGlobals) = postSolution
		SolutionGuid = {EB3CBF1E-9DA9-4EFD-943E-67675631BCD0}
	EndGlobalSection
EndGlobal
